
Microsoft Visual Studio Solution File, Format Version 12.00
# Visual Studio 15
VisualStudioVersion = 15.0.27019.1
MinimumVisualStudioVersion = 10.0.40219.1
Project("{9A19103F-16F7-4668-BE54-9A1E7A4F7556}") = "HBD.EntityFramework.St2.0", "HBD.EntityFramework.St2.0\HBD.EntityFramework.St2.0.csproj", "{E7A0E040-ED77-435A-8284-25CD91FC37DB}"
EndProject
Project("{2150E333-8FDC-42A3-9474-1A3956D46DE8}") = "2. Compilation", "2. Compilation", "{C41CBDFD-63E0-40D2-9610-B689BC75CD9E}"
EndProject
Project("{2150E333-8FDC-42A3-9474-1A3956D46DE8}") = "3. TestSample", "3. TestSample", "{225CE091-770D-4B54-8D70-D386FF1A98A8}"
EndProject
Project("{2150E333-8FDC-42A3-9474-1A3956D46DE8}") = "Solution Items", "Solution Items", "{0A9A9CA6-829B-4961-9B2D-11475F527D89}"
	ProjectSection(SolutionItems) = preProject
		ReadMe.md = ReadMe.md
	EndProjectSection
EndProject
Project("{D954291E-2A0B-460D-934E-DC6B0785DB48}") = "HBD.EntityFramework.SampleShare", "HBD.EntityFramework.SampleShare\HBD.EntityFramework.SampleShare.shproj", "{A2D87B8E-D2B9-445E-9DDF-E39A2482F711}"
EndProject
Project("{2150E333-8FDC-42A3-9474-1A3956D46DE8}") = "1. Shareds", "1. Shareds", "{014CDB61-06A0-47BF-8AC4-F4A110CE41E8}"
EndProject
Project("{2150E333-8FDC-42A3-9474-1A3956D46DE8}") = "2. St2.0", "2. St2.0", "{461CCB12-3D7C-41D4-B8A5-E1ACC1EB32C3}"
EndProject
Project("{2150E333-8FDC-42A3-9474-1A3956D46DE8}") = "3. Net47", "3. Net47", "{2B3CD88C-EEFB-4CCA-94A0-1498D757B4D8}"
EndProject
Project("{FAE04EC0-301F-11D3-BF4B-00C04F79EFBC}") = "HBD.EntityFramework.Net4.7Sample", "HBD.EntityFramework.Net4.7Sample\HBD.EntityFramework.Net4.7Sample.csproj", "{11C46373-31AE-4A2A-9BF5-02C775D2CBA4}"
EndProject
Project("{D954291E-2A0B-460D-934E-DC6B0785DB48}") = "HBD.EntityFramework.SampleStShare", "HBD.EntityFramework.SampleStShare\HBD.EntityFramework.SampleStShare.shproj", "{371FDF57-3AA5-4A28-B9F5-8D19BCDFDAF4}"
EndProject
Project("{FAE04EC0-301F-11D3-BF4B-00C04F79EFBC}") = "HBD.EntityFramework.Net4.7SampleTests", "HBD.EntityFramework.Net4.7SampleTests\HBD.EntityFramework.Net4.7SampleTests.csproj", "{7D75162D-8EA6-4A50-AF27-41E18CAFC132}"
EndProject
Project("{2150E333-8FDC-42A3-9474-1A3956D46DE8}") = "SonarQube", "SonarQube", "{B0D3C174-9689-4AF9-843C-A32328599B92}"
	ProjectSection(SolutionItems) = preProject
		SonarQube\HBD.EntityFrameworkCSharp.ruleset = SonarQube\HBD.EntityFrameworkCSharp.ruleset
		SonarQube\SolutionBinding.sqconfig = SonarQube\SolutionBinding.sqconfig
	EndProjectSection
EndProject
Project("{D954291E-2A0B-460D-934E-DC6B0785DB48}") = "HBD.EntityFramework.Sample4xShare", "HBD.EntityFramework.Sample4xShare\HBD.EntityFramework.Sample4xShare.shproj", "{2FF4A926-2641-400F-B673-6CA84BB66D0A}"
EndProject
Project("{9A19103F-16F7-4668-BE54-9A1E7A4F7556}") = "HBD.EntityFramework.St20Sample", "HBD.EntityFramework.St20Sample\HBD.EntityFramework.St20Sample.csproj", "{FA180397-115B-4536-9036-A144914D3FEF}"
EndProject
Project("{9A19103F-16F7-4668-BE54-9A1E7A4F7556}") = "HBD.EntityFramework.St20Test", "HBD.EntityFramework.St20Test\HBD.EntityFramework.St20Test.csproj", "{E4C149D1-450D-4B60-B1F5-03CE61526679}"
EndProject
Project("{2150E333-8FDC-42A3-9474-1A3956D46DE8}") = "Others", "Others", "{8C1D8EB7-D221-485D-8894-5AAB408BEA52}"
EndProject
Project("{00D1A9C2-B5F0-4AF3-8072-F6C62B433612}") = "HBD.EntityFramework.TestDb", "HBD.Framework.TestDb\HBD.EntityFramework.TestDb.sqlproj", "{EF5943F3-07A5-42F9-8EA7-273BAFDD83A4}"
EndProject
Project("{FAE04EC0-301F-11D3-BF4B-00C04F79EFBC}") = "HBD.EntityFramework.TestDal", "HBD.Framework.TestDal\HBD.EntityFramework.TestDal.csproj", "{743A7FF7-5C85-41CD-94E4-F5EE31217CC8}"
EndProject
Project("{FAE04EC0-301F-11D3-BF4B-00C04F79EFBC}") = "HBD.EntityFramework.TestDbTests", "HBD.EntityFramework.TestDbTests\HBD.EntityFramework.TestDbTests.csproj", "{809AFF63-8513-4F76-973B-E73D816F284C}"
EndProject
Global
	GlobalSection(SharedMSBuildProjectFiles) = preSolution
		HBD.EntityFramework.Sample4xShare\HBD.EntityFramework.4xShare.projitems*{11c46373-31ae-4a2a-9bf5-02c775d2cba4}*SharedItemsImports = 4
		HBD.EntityFramework.SampleShare\HBD.EntityFramework.SampleShare.projitems*{11c46373-31ae-4a2a-9bf5-02c775d2cba4}*SharedItemsImports = 4
		HBD.EntityFramework.Sample4xShare\HBD.EntityFramework.4xShare.projitems*{2ff4a926-2641-400f-b673-6ca84bb66d0a}*SharedItemsImports = 13
		HBD.EntityFramework.SampleStShare\HBD.EntityFramework.SampleStShare.projitems*{371fdf57-3aa5-4a28-b9f5-8d19bcdfdaf4}*SharedItemsImports = 13
		HBD.EntityFramework.SampleShare\HBD.EntityFramework.SampleShare.projitems*{a2d87b8e-d2b9-445e-9ddf-e39a2482f711}*SharedItemsImports = 13
	EndGlobalSection
	GlobalSection(SolutionConfigurationPlatforms) = preSolution
		Debug|Any CPU = Debug|Any CPU
		Release|Any CPU = Release|Any CPU
	EndGlobalSection
	GlobalSection(ProjectConfigurationPlatforms) = postSolution
		{E7A0E040-ED77-435A-8284-25CD91FC37DB}.Debug|Any CPU.ActiveCfg = Debug|Any CPU
		{E7A0E040-ED77-435A-8284-25CD91FC37DB}.Debug|Any CPU.Build.0 = Debug|Any CPU
		{E7A0E040-ED77-435A-8284-25CD91FC37DB}.Release|Any CPU.ActiveCfg = Release|Any CPU
		{E7A0E040-ED77-435A-8284-25CD91FC37DB}.Release|Any CPU.Build.0 = Release|Any CPU
		{11C46373-31AE-4A2A-9BF5-02C775D2CBA4}.Debug|Any CPU.ActiveCfg = Debug|Any CPU
		{11C46373-31AE-4A2A-9BF5-02C775D2CBA4}.Debug|Any CPU.Build.0 = Debug|Any CPU
		{11C46373-31AE-4A2A-9BF5-02C775D2CBA4}.Release|Any CPU.ActiveCfg = Release|Any CPU
		{11C46373-31AE-4A2A-9BF5-02C775D2CBA4}.Release|Any CPU.Build.0 = Release|Any CPU
		{7D75162D-8EA6-4A50-AF27-41E18CAFC132}.Debug|Any CPU.ActiveCfg = Debug|Any CPU
		{7D75162D-8EA6-4A50-AF27-41E18CAFC132}.Debug|Any CPU.Build.0 = Debug|Any CPU
		{7D75162D-8EA6-4A50-AF27-41E18CAFC132}.Release|Any CPU.ActiveCfg = Release|Any CPU
		{7D75162D-8EA6-4A50-AF27-41E18CAFC132}.Release|Any CPU.Build.0 = Release|Any CPU
		{FA180397-115B-4536-9036-A144914D3FEF}.Debug|Any CPU.ActiveCfg = Debug|Any CPU
		{FA180397-115B-4536-9036-A144914D3FEF}.Debug|Any CPU.Build.0 = Debug|Any CPU
		{FA180397-115B-4536-9036-A144914D3FEF}.Release|Any CPU.ActiveCfg = Release|Any CPU
		{FA180397-115B-4536-9036-A144914D3FEF}.Release|Any CPU.Build.0 = Release|Any CPU
		{E4C149D1-450D-4B60-B1F5-03CE61526679}.Debug|Any CPU.ActiveCfg = Debug|Any CPU
		{E4C149D1-450D-4B60-B1F5-03CE61526679}.Debug|Any CPU.Build.0 = Debug|Any CPU
		{E4C149D1-450D-4B60-B1F5-03CE61526679}.Release|Any CPU.ActiveCfg = Release|Any CPU
		{E4C149D1-450D-4B60-B1F5-03CE61526679}.Release|Any CPU.Build.0 = Release|Any CPU
		{EF5943F3-07A5-42F9-8EA7-273BAFDD83A4}.Debug|Any CPU.ActiveCfg = Debug|Any CPU
		{EF5943F3-07A5-42F9-8EA7-273BAFDD83A4}.Debug|Any CPU.Build.0 = Debug|Any CPU
		{EF5943F3-07A5-42F9-8EA7-273BAFDD83A4}.Debug|Any CPU.Deploy.0 = Debug|Any CPU
		{EF5943F3-07A5-42F9-8EA7-273BAFDD83A4}.Release|Any CPU.ActiveCfg = Release|Any CPU
		{EF5943F3-07A5-42F9-8EA7-273BAFDD83A4}.Release|Any CPU.Build.0 = Release|Any CPU
		{EF5943F3-07A5-42F9-8EA7-273BAFDD83A4}.Release|Any CPU.Deploy.0 = Release|Any CPU
		{743A7FF7-5C85-41CD-94E4-F5EE31217CC8}.Debug|Any CPU.ActiveCfg = Debug|Any CPU
		{743A7FF7-5C85-41CD-94E4-F5EE31217CC8}.Debug|Any CPU.Build.0 = Debug|Any CPU
		{743A7FF7-5C85-41CD-94E4-F5EE31217CC8}.Release|Any CPU.ActiveCfg = Release|Any CPU
		{743A7FF7-5C85-41CD-94E4-F5EE31217CC8}.Release|Any CPU.Build.0 = Release|Any CPU
		{809AFF63-8513-4F76-973B-E73D816F284C}.Debug|Any CPU.ActiveCfg = Debug|Any CPU
		{809AFF63-8513-4F76-973B-E73D816F284C}.Debug|Any CPU.Build.0 = Debug|Any CPU
		{809AFF63-8513-4F76-973B-E73D816F284C}.Release|Any CPU.ActiveCfg = Release|Any CPU
		{809AFF63-8513-4F76-973B-E73D816F284C}.Release|Any CPU.Build.0 = Release|Any CPU
	EndGlobalSection
	GlobalSection(SolutionProperties) = preSolution
		HideSolutionNode = FALSE
	EndGlobalSection
	GlobalSection(NestedProjects) = preSolution
		{E7A0E040-ED77-435A-8284-25CD91FC37DB} = {C41CBDFD-63E0-40D2-9610-B689BC75CD9E}
		{A2D87B8E-D2B9-445E-9DDF-E39A2482F711} = {014CDB61-06A0-47BF-8AC4-F4A110CE41E8}
		{014CDB61-06A0-47BF-8AC4-F4A110CE41E8} = {225CE091-770D-4B54-8D70-D386FF1A98A8}
		{461CCB12-3D7C-41D4-B8A5-E1ACC1EB32C3} = {225CE091-770D-4B54-8D70-D386FF1A98A8}
		{2B3CD88C-EEFB-4CCA-94A0-1498D757B4D8} = {225CE091-770D-4B54-8D70-D386FF1A98A8}
		{11C46373-31AE-4A2A-9BF5-02C775D2CBA4} = {2B3CD88C-EEFB-4CCA-94A0-1498D757B4D8}
		{371FDF57-3AA5-4A28-B9F5-8D19BCDFDAF4} = {014CDB61-06A0-47BF-8AC4-F4A110CE41E8}
		{7D75162D-8EA6-4A50-AF27-41E18CAFC132} = {2B3CD88C-EEFB-4CCA-94A0-1498D757B4D8}
		{2FF4A926-2641-400F-B673-6CA84BB66D0A} = {014CDB61-06A0-47BF-8AC4-F4A110CE41E8}
		{FA180397-115B-4536-9036-A144914D3FEF} = {461CCB12-3D7C-41D4-B8A5-E1ACC1EB32C3}
		{E4C149D1-450D-4B60-B1F5-03CE61526679} = {461CCB12-3D7C-41D4-B8A5-E1ACC1EB32C3}
		{8C1D8EB7-D221-485D-8894-5AAB408BEA52} = {225CE091-770D-4B54-8D70-D386FF1A98A8}
		{EF5943F3-07A5-42F9-8EA7-273BAFDD83A4} = {8C1D8EB7-D221-485D-8894-5AAB408BEA52}
		{743A7FF7-5C85-41CD-94E4-F5EE31217CC8} = {8C1D8EB7-D221-485D-8894-5AAB408BEA52}
		{809AFF63-8513-4F76-973B-E73D816F284C} = {8C1D8EB7-D221-485D-8894-5AAB408BEA52}
	EndGlobalSection
	GlobalSection(ExtensibilityGlobals) = postSolution
		SolutionGuid = {904DA948-4E42-48E4-ACD4-B204389BA92F}
	EndGlobalSection
EndGlobal
